# This file is generated by running "yarn install" inside your project.
# Manual changes might be lost - proceed with caution!

__metadata:
  version: 8
  cacheKey: 10

"@noble/curves@npm:^1.3.0":
  version: 1.4.0
  resolution: "@noble/curves@npm:1.4.0"
  dependencies:
    "@noble/hashes": "npm:1.4.0"
  checksum: 10/b21b30a36ff02bfcc0f5e6163d245cdbaf7f640511fff97ccf83fc207ee79cfd91584b4d97977374de04cb118a55eb63a7964c82596a64162bbc42bc685ae6d9
  languageName: node
  linkType: hard

"@noble/hashes@npm:1.4.0, @noble/hashes@npm:^1.3.1, @noble/hashes@npm:^1.3.3":
  version: 1.4.0
  resolution: "@noble/hashes@npm:1.4.0"
  checksum: 10/e156e65794c473794c52fa9d06baf1eb20903d0d96719530f523cc4450f6c721a957c544796e6efd0197b2296e7cd70efeb312f861465e17940a3e3c7e0febc6
  languageName: node
  linkType: hard

"@polkadot-api/json-rpc-provider-proxy@npm:0.0.1":
  version: 0.0.1
  resolution: "@polkadot-api/json-rpc-provider-proxy@npm:0.0.1"
  checksum: 10/6ee0916504ab702ac40eb1f983c21246738c1cd8624b35886a075430271800543d32ba5a7f9e6a0cb078880f9756db1bdc83cb86c42b39d326e780a8cf9bf22a
  languageName: node
  linkType: hard

"@polkadot-api/json-rpc-provider@npm:0.0.1":
  version: 0.0.1
  resolution: "@polkadot-api/json-rpc-provider@npm:0.0.1"
  checksum: 10/1f315bdadcba7def7145011132e6127b983c6f91f976be217ad7d555bb96a67f3a270fe4a46e427531822c5d54d353d84a6439d112a99cdfc07013d3b662ee3c
  languageName: node
  linkType: hard

"@polkadot-api/metadata-builders@npm:0.0.1":
  version: 0.0.1
  resolution: "@polkadot-api/metadata-builders@npm:0.0.1"
  dependencies:
    "@polkadot-api/substrate-bindings": "npm:0.0.1"
    "@polkadot-api/utils": "npm:0.0.1"
  checksum: 10/e7bf0ad10cbddf75012eaaa1b30060fb1eb142c02f7dfd8edc5a1d78a40ef078b09c85d36bf9f2ac4ab309970ba01dc648ef46745412b006e62e4ddf4f334339
  languageName: node
  linkType: hard

"@polkadot-api/observable-client@npm:0.1.0":
  version: 0.1.0
  resolution: "@polkadot-api/observable-client@npm:0.1.0"
  dependencies:
    "@polkadot-api/metadata-builders": "npm:0.0.1"
    "@polkadot-api/substrate-bindings": "npm:0.0.1"
    "@polkadot-api/substrate-client": "npm:0.0.1"
    "@polkadot-api/utils": "npm:0.0.1"
  peerDependencies:
    rxjs: ">=7.8.0"
  checksum: 10/822b4b24e8b2522fa2b0d88d68d098862d36e9ef285dba7468a6ac9084a37670ef0782a9b8a00c2c4d5510a0af90b3611ea097f530bdad1b07bef63234341bf5
  languageName: node
  linkType: hard

"@polkadot-api/substrate-bindings@npm:0.0.1":
  version: 0.0.1
  resolution: "@polkadot-api/substrate-bindings@npm:0.0.1"
  dependencies:
    "@noble/hashes": "npm:^1.3.1"
    "@polkadot-api/utils": "npm:0.0.1"
    "@scure/base": "npm:^1.1.1"
    scale-ts: "npm:^1.6.0"
  checksum: 10/9a1a70bd571f1cf262796b445c7a005b425e8e6f855b11757442c6bbe398d4a90575cd3973c9b1918202d3c7ff7162675c349c014677a31cc70cd84f7f973f90
  languageName: node
  linkType: hard

"@polkadot-api/substrate-client@npm:0.0.1":
  version: 0.0.1
  resolution: "@polkadot-api/substrate-client@npm:0.0.1"
  checksum: 10/a00521dbda6e87a2d0e860c1608dc164269c62748d60a51326452d3573abfa1d01ed79644f103f1d989c49e8c61169ed04b155d466ec9e6f09f6e424572dea48
  languageName: node
  linkType: hard

"@polkadot-api/utils@npm:0.0.1":
  version: 0.0.1
  resolution: "@polkadot-api/utils@npm:0.0.1"
  checksum: 10/4bf89955ccf4dafb2ef34f007fc0a12bd6d983a10c4219464a6b1c07e7bfe80ff26f156fa201b3f11ad53adca0abb261fc7ee43b86dcdc10fa0f5325788359ae
  languageName: node
  linkType: hard

"@polkadot/api-augment@npm:12.0.1":
  version: 12.0.1
  resolution: "@polkadot/api-augment@npm:12.0.1"
  dependencies:
    "@polkadot/api-base": "npm:12.0.1"
    "@polkadot/rpc-augment": "npm:12.0.1"
    "@polkadot/types": "npm:12.0.1"
    "@polkadot/types-augment": "npm:12.0.1"
    "@polkadot/types-codec": "npm:12.0.1"
    "@polkadot/util": "npm:^12.6.2"
    tslib: "npm:^2.6.2"
  checksum: 10/7cd9924678fc2b6be2e77c3959227945801fdf405cde0e95fd18007969e9e838d33fdd190621879ee5b9bb7ae9a4dc41e76247463953273f2c77399524f5760d
  languageName: node
  linkType: hard

"@polkadot/api-base@npm:12.0.1":
  version: 12.0.1
  resolution: "@polkadot/api-base@npm:12.0.1"
  dependencies:
    "@polkadot/rpc-core": "npm:12.0.1"
    "@polkadot/types": "npm:12.0.1"
    "@polkadot/util": "npm:^12.6.2"
    rxjs: "npm:^7.8.1"
    tslib: "npm:^2.6.2"
  checksum: 10/48a78a8adb49a8b9754dda1389b0a4f413cb72d8e1fcdc0645a321cdf486d866a9d6ad7cc88935e027e606e6c52d6caf15d68c700586900bc0b13223eeea6165
  languageName: node
  linkType: hard

"@polkadot/api-derive@npm:12.0.1":
  version: 12.0.1
  resolution: "@polkadot/api-derive@npm:12.0.1"
  dependencies:
    "@polkadot/api": "npm:12.0.1"
    "@polkadot/api-augment": "npm:12.0.1"
    "@polkadot/api-base": "npm:12.0.1"
    "@polkadot/rpc-core": "npm:12.0.1"
    "@polkadot/types": "npm:12.0.1"
    "@polkadot/types-codec": "npm:12.0.1"
    "@polkadot/util": "npm:^12.6.2"
    "@polkadot/util-crypto": "npm:^12.6.2"
    rxjs: "npm:^7.8.1"
    tslib: "npm:^2.6.2"
  checksum: 10/acdee3fc6615f6f0e601974ecafa96410f0303c811295d38703829fbc067d8fd23351fd2cb5509aa5134b9abe6fabde0f92de1cdd4c6a6f10a7c526d6ed0277b
  languageName: node
  linkType: hard

"@polkadot/api@npm:12.0.1, @polkadot/api@npm:^12.0.1":
  version: 12.0.1
  resolution: "@polkadot/api@npm:12.0.1"
  dependencies:
    "@polkadot/api-augment": "npm:12.0.1"
    "@polkadot/api-base": "npm:12.0.1"
    "@polkadot/api-derive": "npm:12.0.1"
    "@polkadot/keyring": "npm:^12.6.2"
    "@polkadot/rpc-augment": "npm:12.0.1"
    "@polkadot/rpc-core": "npm:12.0.1"
    "@polkadot/rpc-provider": "npm:12.0.1"
    "@polkadot/types": "npm:12.0.1"
    "@polkadot/types-augment": "npm:12.0.1"
    "@polkadot/types-codec": "npm:12.0.1"
    "@polkadot/types-create": "npm:12.0.1"
    "@polkadot/types-known": "npm:12.0.1"
    "@polkadot/util": "npm:^12.6.2"
    "@polkadot/util-crypto": "npm:^12.6.2"
    eventemitter3: "npm:^5.0.1"
    rxjs: "npm:^7.8.1"
    tslib: "npm:^2.6.2"
  checksum: 10/1376afb08515f9e77a29f66299ad37c7a35afd6f8ca800426ac778ca3d0021d2c9967cef97f0984d6ff5d66417d1d0d4c1e62bf611894ec729da0aa564c17a9c
  languageName: node
  linkType: hard

"@polkadot/keyring@npm:^12.6.2":
  version: 12.6.2
  resolution: "@polkadot/keyring@npm:12.6.2"
  dependencies:
    "@polkadot/util": "npm:12.6.2"
    "@polkadot/util-crypto": "npm:12.6.2"
    tslib: "npm:^2.6.2"
  peerDependencies:
    "@polkadot/util": 12.6.2
    "@polkadot/util-crypto": 12.6.2
  checksum: 10/8faf59684ff5d041ba5fa7dd85c3ee4ac3920b2d907f81a485e37aedab64798f9c59b7ec914eb24dfc5271a4ef31e1244aecbd247c66f2b2ec518cfd37dd30fc
  languageName: node
  linkType: hard

"@polkadot/networks@npm:12.6.2, @polkadot/networks@npm:^12.6.2":
  version: 12.6.2
  resolution: "@polkadot/networks@npm:12.6.2"
  dependencies:
    "@polkadot/util": "npm:12.6.2"
    "@substrate/ss58-registry": "npm:^1.44.0"
    tslib: "npm:^2.6.2"
  checksum: 10/6c2cd7f631ec40489e8f8260b15a138bd0d276d222e4133847e8915c476aea415498dd8d8ab583bdf76f2e4e5bb1c7a20bca9dac110eae2fb48d5f6cf6798349
  languageName: node
  linkType: hard

"@polkadot/rpc-augment@npm:12.0.1":
  version: 12.0.1
  resolution: "@polkadot/rpc-augment@npm:12.0.1"
  dependencies:
    "@polkadot/rpc-core": "npm:12.0.1"
    "@polkadot/types": "npm:12.0.1"
    "@polkadot/types-codec": "npm:12.0.1"
    "@polkadot/util": "npm:^12.6.2"
    tslib: "npm:^2.6.2"
  checksum: 10/427558aff52dade1c8fc0db4b315c09a2f287adc193bd135b145f7d4e3a18cb14507fce3b8e624532c2fcb08fae47c0e9be3be0a5eb9ded3f07e768bc7dca92a
  languageName: node
  linkType: hard

"@polkadot/rpc-core@npm:12.0.1":
  version: 12.0.1
  resolution: "@polkadot/rpc-core@npm:12.0.1"
  dependencies:
    "@polkadot/rpc-augment": "npm:12.0.1"
    "@polkadot/rpc-provider": "npm:12.0.1"
    "@polkadot/types": "npm:12.0.1"
    "@polkadot/util": "npm:^12.6.2"
    rxjs: "npm:^7.8.1"
    tslib: "npm:^2.6.2"
  checksum: 10/1f7b5f12529753077035fbe73d8632b23a196c3eaff4a78d3e98bd95fd66e9d11305942ed1e8dbca0625c1eac74d6bbf9e0fc72c46aa72e2d7efa85e0f062b94
  languageName: node
  linkType: hard

"@polkadot/rpc-provider@npm:12.0.1":
  version: 12.0.1
  resolution: "@polkadot/rpc-provider@npm:12.0.1"
  dependencies:
    "@polkadot/keyring": "npm:^12.6.2"
    "@polkadot/types": "npm:12.0.1"
    "@polkadot/types-support": "npm:12.0.1"
    "@polkadot/util": "npm:^12.6.2"
    "@polkadot/util-crypto": "npm:^12.6.2"
    "@polkadot/x-fetch": "npm:^12.6.2"
    "@polkadot/x-global": "npm:^12.6.2"
    "@polkadot/x-ws": "npm:^12.6.2"
    "@substrate/connect": "npm:0.8.10"
    eventemitter3: "npm:^5.0.1"
    mock-socket: "npm:^9.3.1"
    nock: "npm:^13.5.0"
    tslib: "npm:^2.6.2"
  dependenciesMeta:
    "@substrate/connect":
      optional: true
  checksum: 10/cd45b6dd029396a0ec239441224413c80d294d6dbd3f8e4e759523b36afd8e6d9460e4545a36057d5fbe7be1c60190510b37f9af44b6fd1ef865d048d4b76a1f
  languageName: node
  linkType: hard

"@polkadot/types-augment@npm:12.0.1":
  version: 12.0.1
  resolution: "@polkadot/types-augment@npm:12.0.1"
  dependencies:
    "@polkadot/types": "npm:12.0.1"
    "@polkadot/types-codec": "npm:12.0.1"
    "@polkadot/util": "npm:^12.6.2"
    tslib: "npm:^2.6.2"
  checksum: 10/c626f07a301060e151b394742feb6bdac0134af092e215683867c3a43849ac7c49ef3a75d64cca4062004e1c1f8bc83a11e80d905b00f04b328c0f6a2cff5083
  languageName: node
  linkType: hard

"@polkadot/types-codec@npm:12.0.1":
  version: 12.0.1
  resolution: "@polkadot/types-codec@npm:12.0.1"
  dependencies:
    "@polkadot/util": "npm:^12.6.2"
    "@polkadot/x-bigint": "npm:^12.6.2"
    tslib: "npm:^2.6.2"
  checksum: 10/1af2576da5e8a938b4b24ee599308b9b4b7bc585f121620d9c5a1fb3a6700ab76340327cfd0c439357f6d73ed046593a0b7d75ae54cb48f5bf2ed8100ab84337
  languageName: node
  linkType: hard

"@polkadot/types-create@npm:12.0.1":
  version: 12.0.1
  resolution: "@polkadot/types-create@npm:12.0.1"
  dependencies:
    "@polkadot/types-codec": "npm:12.0.1"
    "@polkadot/util": "npm:^12.6.2"
    tslib: "npm:^2.6.2"
  checksum: 10/7d8834bc7c44a0bdf3fd32408e109849e683bc8bc61fcea295f19aedaca1cf742d758958a904b6becb171d3d38d7a01f90abdbb083ce3c219c11252a350b5264
  languageName: node
  linkType: hard

"@polkadot/types-known@npm:12.0.1":
  version: 12.0.1
  resolution: "@polkadot/types-known@npm:12.0.1"
  dependencies:
    "@polkadot/networks": "npm:^12.6.2"
    "@polkadot/types": "npm:12.0.1"
    "@polkadot/types-codec": "npm:12.0.1"
    "@polkadot/types-create": "npm:12.0.1"
    "@polkadot/util": "npm:^12.6.2"
    tslib: "npm:^2.6.2"
  checksum: 10/0a82405d3f51c7cc300cbcb269385921a8e13e5163f062e936ad24ee0489bf57f6cf119be829eef37437899854a0e841ff54755b16459228f1598cb12bc0a7d9
  languageName: node
  linkType: hard

"@polkadot/types-support@npm:12.0.1":
  version: 12.0.1
  resolution: "@polkadot/types-support@npm:12.0.1"
  dependencies:
    "@polkadot/util": "npm:^12.6.2"
    tslib: "npm:^2.6.2"
  checksum: 10/804ea5a7ea00d1a07235bc33d4152d3a00cca7046c0c676fd5ce20f94f4a381312d192a71af516ed858620ba4d2c6ef81abe51f22386acddecf15b8f08fdb81b
  languageName: node
  linkType: hard

"@polkadot/types@npm:12.0.1":
  version: 12.0.1
  resolution: "@polkadot/types@npm:12.0.1"
  dependencies:
    "@polkadot/keyring": "npm:^12.6.2"
    "@polkadot/types-augment": "npm:12.0.1"
    "@polkadot/types-codec": "npm:12.0.1"
    "@polkadot/types-create": "npm:12.0.1"
    "@polkadot/util": "npm:^12.6.2"
    "@polkadot/util-crypto": "npm:^12.6.2"
    rxjs: "npm:^7.8.1"
    tslib: "npm:^2.6.2"
  checksum: 10/13d06c41a0c00c7e087ccdf21abbb38b9b2d8cd97d4c3dbcbd030b94211aa84f0cf10b2aa11195027c8ff9706c15b802cae93d7939a09841394a421c504c7a43
  languageName: node
  linkType: hard

"@polkadot/util-crypto@npm:12.6.2, @polkadot/util-crypto@npm:^12.6.2":
  version: 12.6.2
  resolution: "@polkadot/util-crypto@npm:12.6.2"
  dependencies:
    "@noble/curves": "npm:^1.3.0"
    "@noble/hashes": "npm:^1.3.3"
    "@polkadot/networks": "npm:12.6.2"
    "@polkadot/util": "npm:12.6.2"
    "@polkadot/wasm-crypto": "npm:^7.3.2"
    "@polkadot/wasm-util": "npm:^7.3.2"
    "@polkadot/x-bigint": "npm:12.6.2"
    "@polkadot/x-randomvalues": "npm:12.6.2"
    "@scure/base": "npm:^1.1.5"
    tslib: "npm:^2.6.2"
  peerDependencies:
    "@polkadot/util": 12.6.2
  checksum: 10/a587e5e25697f3a928ae8677b82ccdbcc1df95122db2bbde753b0605f44487136fe2f55c502460d931def0007e856db40b1b34b4da3c674638ead459e79f227a
  languageName: node
  linkType: hard

"@polkadot/util@npm:12.6.2, @polkadot/util@npm:^12.6.2":
  version: 12.6.2
  resolution: "@polkadot/util@npm:12.6.2"
  dependencies:
    "@polkadot/x-bigint": "npm:12.6.2"
    "@polkadot/x-global": "npm:12.6.2"
    "@polkadot/x-textdecoder": "npm:12.6.2"
    "@polkadot/x-textencoder": "npm:12.6.2"
    "@types/bn.js": "npm:^5.1.5"
    bn.js: "npm:^5.2.1"
    tslib: "npm:^2.6.2"
  checksum: 10/b7a3c2be417d670fc64d0642818cadbf041cbcfae830f2ee45fc2496e86c8e11c385854b733504a7d6a6391066fd0ef544a1748f0f8809215c37a5c0ff64571d
  languageName: node
  linkType: hard

"@polkadot/wasm-bridge@npm:7.3.2":
  version: 7.3.2
  resolution: "@polkadot/wasm-bridge@npm:7.3.2"
  dependencies:
    "@polkadot/wasm-util": "npm:7.3.2"
    tslib: "npm:^2.6.2"
  peerDependencies:
    "@polkadot/util": "*"
    "@polkadot/x-randomvalues": "*"
  checksum: 10/8d8afa55d9f14043fb9e414b356d6ba4aa0ccc52219b8022fc86a5ea5be569dea34383b461528069996f5399011db6060ceff158227606d95ab779717ea25f5f
  languageName: node
  linkType: hard

"@polkadot/wasm-crypto-asmjs@npm:7.3.2":
  version: 7.3.2
  resolution: "@polkadot/wasm-crypto-asmjs@npm:7.3.2"
  dependencies:
    tslib: "npm:^2.6.2"
  peerDependencies:
    "@polkadot/util": "*"
  checksum: 10/b8c0c7b3a1e5b4b07b0d4fbec51ae19c529c8a943c0b3c4631490e05f5cc61fa352e7eaf7a9fabeb49ab2e40760ff584346a929e67f6eece82134c13963e6c4b
  languageName: node
  linkType: hard

"@polkadot/wasm-crypto-init@npm:7.3.2":
  version: 7.3.2
  resolution: "@polkadot/wasm-crypto-init@npm:7.3.2"
  dependencies:
    "@polkadot/wasm-bridge": "npm:7.3.2"
    "@polkadot/wasm-crypto-asmjs": "npm:7.3.2"
    "@polkadot/wasm-crypto-wasm": "npm:7.3.2"
    "@polkadot/wasm-util": "npm:7.3.2"
    tslib: "npm:^2.6.2"
  peerDependencies:
    "@polkadot/util": "*"
    "@polkadot/x-randomvalues": "*"
  checksum: 10/94b950c01f20c2ce98e2e8bfd3dc94fdcdc095a2b3d609c5de3db3bc9e403871ff08479d7eac1d2e4d048b9375e82dafb5bfab3d9d86988ec4afc41e7539d0af
  languageName: node
  linkType: hard

"@polkadot/wasm-crypto-wasm@npm:7.3.2":
  version: 7.3.2
  resolution: "@polkadot/wasm-crypto-wasm@npm:7.3.2"
  dependencies:
    "@polkadot/wasm-util": "npm:7.3.2"
    tslib: "npm:^2.6.2"
  peerDependencies:
    "@polkadot/util": "*"
  checksum: 10/f984db1bf121827b8a39b2f18d838958dfcedb901037a382a5b67126dc20a9c1cec4f3dd8f9ccc2ccd5a5f259d9f2b62df2f03d55cf83185f84709c1b87c5673
  languageName: node
  linkType: hard

"@polkadot/wasm-crypto@npm:^7.3.2":
  version: 7.3.2
  resolution: "@polkadot/wasm-crypto@npm:7.3.2"
  dependencies:
    "@polkadot/wasm-bridge": "npm:7.3.2"
    "@polkadot/wasm-crypto-asmjs": "npm:7.3.2"
    "@polkadot/wasm-crypto-init": "npm:7.3.2"
    "@polkadot/wasm-crypto-wasm": "npm:7.3.2"
    "@polkadot/wasm-util": "npm:7.3.2"
    tslib: "npm:^2.6.2"
  peerDependencies:
    "@polkadot/util": "*"
    "@polkadot/x-randomvalues": "*"
  checksum: 10/ec0bf040388890b0d268ca94d2311bbb27a45b46b4f5812a2a478c1fea3c747878244535280b9c38bf2a65b9b4533bf4f9fddbc4c715d167940e6d951fef146b
  languageName: node
  linkType: hard

"@polkadot/wasm-util@npm:7.3.2, @polkadot/wasm-util@npm:^7.3.2":
  version: 7.3.2
  resolution: "@polkadot/wasm-util@npm:7.3.2"
  dependencies:
    tslib: "npm:^2.6.2"
  peerDependencies:
    "@polkadot/util": "*"
  checksum: 10/4b19f59aaca5c62933c5b355116a0fcd8dfa03b3e13f2b4c8491058f6d29fd030c956dee3f1c0821da981b874741c9ea62840c179369afb1a358a22216e5ff3c
  languageName: node
  linkType: hard

"@polkadot/x-bigint@npm:12.6.2, @polkadot/x-bigint@npm:^12.6.2":
  version: 12.6.2
  resolution: "@polkadot/x-bigint@npm:12.6.2"
  dependencies:
    "@polkadot/x-global": "npm:12.6.2"
    tslib: "npm:^2.6.2"
  checksum: 10/8a9533ba955d06213e3810d48e95618186cc832375f82d8b52376a99d7c8f9fdd01ffb9c35495522aec8c28d18ca5ef6c8feeec9770b83ebb64cded4cd3b7e27
  languageName: node
  linkType: hard

"@polkadot/x-fetch@npm:^12.6.2":
  version: 12.6.2
  resolution: "@polkadot/x-fetch@npm:12.6.2"
  dependencies:
    "@polkadot/x-global": "npm:12.6.2"
    node-fetch: "npm:^3.3.2"
    tslib: "npm:^2.6.2"
  checksum: 10/755feee15234b31de9e74bae5eca1a2e9c17e3e76330e5c5cca5e446fc3c350b8f02e3c3853005d1dd4b3da9d4f6a6c3ffd6d2146ae529b0fa6ed3c4206343af
  languageName: node
  linkType: hard

"@polkadot/x-global@npm:12.6.2, @polkadot/x-global@npm:^12.6.2":
  version: 12.6.2
  resolution: "@polkadot/x-global@npm:12.6.2"
  dependencies:
    tslib: "npm:^2.6.2"
  checksum: 10/9159bd77e099f734f7c48ba3e37a886ba376c50066b664ee52caf0bf8eb0399b762ca08404ef6470c22e4d20e9fc8c5e0a87026efcbbd0f21ea5504b0e33d587
  languageName: node
  linkType: hard

"@polkadot/x-randomvalues@npm:12.6.2":
  version: 12.6.2
  resolution: "@polkadot/x-randomvalues@npm:12.6.2"
  dependencies:
    "@polkadot/x-global": "npm:12.6.2"
    tslib: "npm:^2.6.2"
  peerDependencies:
    "@polkadot/util": 12.6.2
    "@polkadot/wasm-util": "*"
  checksum: 10/9ab555931ab81a8834800da35f04cb86df48b0d706d33ea89c51f42b8d340dab7312c462d01ecae04573ba6a01ff1ad6066ea6cf82b1330482ff537eb3c12eeb
  languageName: node
  linkType: hard

"@polkadot/x-textdecoder@npm:12.6.2":
  version: 12.6.2
  resolution: "@polkadot/x-textdecoder@npm:12.6.2"
  dependencies:
    "@polkadot/x-global": "npm:12.6.2"
    tslib: "npm:^2.6.2"
  checksum: 10/ba8ebe34cce1445a78d4eb744c8cfcf068cebfaf6c8efca23e1cdb037e8769cb2738b77b7266e3f86cd2459bb3eb87744f9518cba76e76fca609a16e6b84789e
  languageName: node
  linkType: hard

"@polkadot/x-textencoder@npm:12.6.2":
  version: 12.6.2
  resolution: "@polkadot/x-textencoder@npm:12.6.2"
  dependencies:
    "@polkadot/x-global": "npm:12.6.2"
    tslib: "npm:^2.6.2"
  checksum: 10/b2e721d19660f7bcf3995d695fac5d78d4bc8c5fd0632ec0735eb20dd9b4b79fad1ce7dfe7ade202c4ace5cd2d6b8ac663bb4dca273afa050f73cf1e99498f82
  languageName: node
  linkType: hard

"@polkadot/x-ws@npm:^12.6.2":
  version: 12.6.2
  resolution: "@polkadot/x-ws@npm:12.6.2"
  dependencies:
    "@polkadot/x-global": "npm:12.6.2"
    tslib: "npm:^2.6.2"
    ws: "npm:^8.15.1"
  checksum: 10/de987c0a9d5df7d9eb17d96fd47afb2417eb85b7126e4e11bc4fe7dc908b54307390a1e3da61d251cd5f1f6edd054712f018bdc695ce946e0267806d1f050119
  languageName: node
  linkType: hard

"@scure/base@npm:^1.1.1, @scure/base@npm:^1.1.5":
  version: 1.1.6
  resolution: "@scure/base@npm:1.1.6"
  checksum: 10/814fd1cce24f1e152751fabca2853d26aaa96ff8a9349c43d9aebc3b3d8ca88dd902966e1c289590a37f35d4c4436c6aedb1b386924b2909072045af4c3e9fe4
  languageName: node
  linkType: hard

"@substrate/connect-extension-protocol@npm:^2.0.0":
  version: 2.0.0
  resolution: "@substrate/connect-extension-protocol@npm:2.0.0"
  checksum: 10/167538db3370c37abd60881e947f07788c52e42e1c46cd77a5e19eff64cb7784dff9abbbc4d2138a862a35c7262f151459e1631a8a36ee02fcff90ed5ec74c7b
  languageName: node
  linkType: hard

"@substrate/connect-known-chains@npm:^1.1.4":
  version: 1.1.4
  resolution: "@substrate/connect-known-chains@npm:1.1.4"
  checksum: 10/17fdce09bf2ba042371910a5e1c701d7db7e40b7c021eb67f36ed2d28175b8846e01eb2438be03827e2cd2654d35be5a1a248c36e9588ccdbe4545da0bee5047
  languageName: node
  linkType: hard

"@substrate/connect@npm:0.8.10":
  version: 0.8.10
  resolution: "@substrate/connect@npm:0.8.10"
  dependencies:
    "@substrate/connect-extension-protocol": "npm:^2.0.0"
    "@substrate/connect-known-chains": "npm:^1.1.4"
    "@substrate/light-client-extension-helpers": "npm:^0.0.6"
    smoldot: "npm:2.0.22"
  checksum: 10/078c08d12eb12b55b2c8ee0e0c335284db07d13b48cc5329db68a6376173f1fb6b2357fb47f8ec4da7b66f4230d9bc2c3873beb66d755c475969d1cdbbec316f
  languageName: node
  linkType: hard

"@substrate/light-client-extension-helpers@npm:^0.0.6":
  version: 0.0.6
  resolution: "@substrate/light-client-extension-helpers@npm:0.0.6"
  dependencies:
    "@polkadot-api/json-rpc-provider": "npm:0.0.1"
    "@polkadot-api/json-rpc-provider-proxy": "npm:0.0.1"
    "@polkadot-api/observable-client": "npm:0.1.0"
    "@polkadot-api/substrate-client": "npm:0.0.1"
    "@substrate/connect-extension-protocol": "npm:^2.0.0"
    "@substrate/connect-known-chains": "npm:^1.1.4"
    rxjs: "npm:^7.8.1"
  peerDependencies:
    smoldot: 2.x
  checksum: 10/1a3576019538c8150dd56ddae3ec6ed7b6272af72cd6d17cbb5de76d6ae554af2a0bf72bbb9ffd4b9c64c9eb9ee3f13caaad57e01c5173e35a0cb799fd27574a
  languageName: node
  linkType: hard

"@substrate/ss58-registry@npm:^1.44.0":
  version: 1.47.0
  resolution: "@substrate/ss58-registry@npm:1.47.0"
  checksum: 10/f78edac6ad88a3063bc0474b2ae2394b5af60cf61f474f4c4ad171346f8debba9fc8b047f0046ccb1abddeb7c13377a5fcf2046c0496a26a1a192cc7a4224ff4
  languageName: node
  linkType: hard

"@types/bn.js@npm:^5.1.5":
  version: 5.1.5
  resolution: "@types/bn.js@npm:5.1.5"
  dependencies:
    "@types/node": "npm:*"
  checksum: 10/9719330c86aeae0a6a447c974cf0f853ba3660ede20de61f435b03d699e30e6d8b35bf71a8dc9fdc8317784438e83177644ba068ed653d0ae0106e1ecbfe289e
  languageName: node
  linkType: hard

"@types/node@npm:*":
  version: 20.12.7
  resolution: "@types/node@npm:20.12.7"
  dependencies:
    undici-types: "npm:~5.26.4"
  checksum: 10/b4a28a3b593a9bdca5650880b6a9acef46911d58cf7cfa57268f048e9a7157a7c3196421b96cea576850ddb732e3b54bc982c8eb5e1e5ef0635d4424c2fce801
  languageName: node
  linkType: hard

"bn.js@npm:^5.2.1":
  version: 5.2.1
  resolution: "bn.js@npm:5.2.1"
  checksum: 10/7a7e8764d7a6e9708b8b9841b2b3d6019cc154d2fc23716d0efecfe1e16921b7533c6f7361fb05471eab47986c4aa310c270f88e3507172104632ac8df2cfd84
  languageName: node
  linkType: hard

"coretime-renewal-bot@workspace:.":
  version: 0.0.0-use.local
  resolution: "coretime-renewal-bot@workspace:."
  dependencies:
    "@polkadot/api": "npm:^12.0.1"
    "@polkadot/keyring": "npm:^12.6.2"
    "@polkadot/util-crypto": "npm:^12.6.2"
  languageName: unknown
  linkType: soft

"data-uri-to-buffer@npm:^4.0.0":
  version: 4.0.1
  resolution: "data-uri-to-buffer@npm:4.0.1"
  checksum: 10/0d0790b67ffec5302f204c2ccca4494f70b4e2d940fea3d36b09f0bb2b8539c2e86690429eb1f1dc4bcc9e4df0644193073e63d9ee48ac9fce79ec1506e4aa4c
  languageName: node
  linkType: hard

"debug@npm:^4.1.0":
  version: 4.3.4
  resolution: "debug@npm:4.3.4"
  dependencies:
    ms: "npm:2.1.2"
  peerDependenciesMeta:
    supports-color:
      optional: true
  checksum: 10/0073c3bcbd9cb7d71dd5f6b55be8701af42df3e56e911186dfa46fac3a5b9eb7ce7f377dd1d3be6db8977221f8eb333d945216f645cf56f6b688cd484837d255
  languageName: node
  linkType: hard

"eventemitter3@npm:^5.0.1":
  version: 5.0.1
  resolution: "eventemitter3@npm:5.0.1"
  checksum: 10/ac6423ec31124629c84c7077eed1e6987f6d66c31cf43c6fcbf6c87791d56317ce808d9ead483652436df171b526fc7220eccdc9f3225df334e81582c3cf7dd5
  languageName: node
  linkType: hard

"fetch-blob@npm:^3.1.2, fetch-blob@npm:^3.1.4":
  version: 3.2.0
  resolution: "fetch-blob@npm:3.2.0"
  dependencies:
    node-domexception: "npm:^1.0.0"
    web-streams-polyfill: "npm:^3.0.3"
  checksum: 10/5264ecceb5fdc19eb51d1d0359921f12730941e333019e673e71eb73921146dceabcb0b8f534582be4497312d656508a439ad0f5edeec2b29ab2e10c72a1f86b
  languageName: node
  linkType: hard

"formdata-polyfill@npm:^4.0.10":
  version: 4.0.10
  resolution: "formdata-polyfill@npm:4.0.10"
  dependencies:
    fetch-blob: "npm:^3.1.2"
  checksum: 10/9b5001d2edef3c9449ac3f48bd4f8cc92e7d0f2e7c1a5c8ba555ad4e77535cc5cf621fabe49e97f304067037282dd9093b9160a3cb533e46420b446c4e6bc06f
  languageName: node
  linkType: hard

"json-stringify-safe@npm:^5.0.1":
  version: 5.0.1
  resolution: "json-stringify-safe@npm:5.0.1"
  checksum: 10/59169a081e4eeb6f9559ae1f938f656191c000e0512aa6df9f3c8b2437a4ab1823819c6b9fd1818a4e39593ccfd72e9a051fdd3e2d1e340ed913679e888ded8c
  languageName: node
  linkType: hard

"mock-socket@npm:^9.3.1":
  version: 9.3.1
  resolution: "mock-socket@npm:9.3.1"
  checksum: 10/c5c07568f2859db6926d79cb61580c07e67958b5cd6b52d1270fdfa17ae066d7f74a18a4208fc4386092eea4e1ee001aa23f015c88a1774265994e4fae34d18e
  languageName: node
  linkType: hard

"ms@npm:2.1.2":
  version: 2.1.2
  resolution: "ms@npm:2.1.2"
  checksum: 10/673cdb2c3133eb050c745908d8ce632ed2c02d85640e2edb3ace856a2266a813b30c613569bf3354fdf4ea7d1a1494add3bfa95e2713baa27d0c2c71fc44f58f
  languageName: node
  linkType: hard

"nock@npm:^13.5.0":
  version: 13.5.4
  resolution: "nock@npm:13.5.4"
  dependencies:
    debug: "npm:^4.1.0"
    json-stringify-safe: "npm:^5.0.1"
    propagate: "npm:^2.0.0"
  checksum: 10/75bad391bae4efb81b742734af5f2d87309cd93d3ca6b78372fd37946d78ccb254d79104676619866915e6734abfc1b00fee2aa42073a4843ca3c746aad35a4d
  languageName: node
  linkType: hard

"node-domexception@npm:^1.0.0":
  version: 1.0.0
  resolution: "node-domexception@npm:1.0.0"
  checksum: 10/e332522f242348c511640c25a6fc7da4f30e09e580c70c6b13cb0be83c78c3e71c8d4665af2527e869fc96848924a4316ae7ec9014c091e2156f41739d4fa233
  languageName: node
  linkType: hard

"node-fetch@npm:^3.3.2":
  version: 3.3.2
  resolution: "node-fetch@npm:3.3.2"
  dependencies:
    data-uri-to-buffer: "npm:^4.0.0"
    fetch-blob: "npm:^3.1.4"
    formdata-polyfill: "npm:^4.0.10"
  checksum: 10/24207ca8c81231c7c59151840e3fded461d67a31cf3e3b3968e12201a42f89ce4a0b5fb7079b1fa0a4655957b1ca9257553200f03a9f668b45ebad265ca5593d
  languageName: node
  linkType: hard

"propagate@npm:^2.0.0":
  version: 2.0.1
  resolution: "propagate@npm:2.0.1"
  checksum: 10/8c761c16e8232f82f6d015d3e01e8bd4109f47ad804f904d950f6fe319813b448ca112246b6bfdc182b400424b155b0b7c4525a9bb009e6fa950200157569c14
  languageName: node
  linkType: hard

"rxjs@npm:^7.8.1":
  version: 7.8.1
  resolution: "rxjs@npm:7.8.1"
  dependencies:
    tslib: "npm:^2.1.0"
  checksum: 10/b10cac1a5258f885e9dd1b70d23c34daeb21b61222ee735d2ec40a8685bdca40429000703a44f0e638c27a684ac139e1c37e835d2a0dc16f6fc061a138ae3abb
  languageName: node
  linkType: hard

"scale-ts@npm:^1.6.0":
  version: 1.6.0
  resolution: "scale-ts@npm:1.6.0"
  checksum: 10/63d966d48196ede40148f50c182f9d8397600e18ca005b994d3bd85f3e1931ae3fe7ec5d7b0cc072df557450e05676fd5acaa8b196963100a74251ca2e9d089f
  languageName: node
  linkType: hard

"smoldot@npm:2.0.22":
  version: 2.0.22
  resolution: "smoldot@npm:2.0.22"
  dependencies:
    ws: "npm:^8.8.1"
  checksum: 10/8d63720ff7aee9ff4cbfb3d6952c68781aaaecf49fcb20d8b76919e854975b029071778c4c3bd50a18a4c3e0c96857b2b6daa526bbad4a3bee20f2aad8dfe388
  languageName: node
  linkType: hard

"tslib@npm:^2.1.0, tslib@npm:^2.6.2":
  version: 2.6.2
  resolution: "tslib@npm:2.6.2"
  checksum: 10/bd26c22d36736513980091a1e356378e8b662ded04204453d353a7f34a4c21ed0afc59b5f90719d4ba756e581a162ecbf93118dc9c6be5acf70aa309188166ca
  languageName: node
  linkType: hard

"undici-types@npm:~5.26.4":
  version: 5.26.5
  resolution: "undici-types@npm:5.26.5"
  checksum: 10/0097779d94bc0fd26f0418b3a05472410408877279141ded2bd449167be1aed7ea5b76f756562cb3586a07f251b90799bab22d9019ceba49c037c76445f7cddd
  languageName: node
  linkType: hard

"web-streams-polyfill@npm:^3.0.3":
  version: 3.3.3
  resolution: "web-streams-polyfill@npm:3.3.3"
  checksum: 10/8e7e13501b3834094a50abe7c0b6456155a55d7571312b89570012ef47ec2a46d766934768c50aabad10a9c30dd764a407623e8bfcc74fcb58495c29130edea9
  languageName: node
  linkType: hard

"ws@npm:^8.15.1, ws@npm:^8.8.1":
  version: 8.17.1
  resolution: "ws@npm:8.17.1"
  peerDependencies:
    bufferutil: ^4.0.1
    utf-8-validate: ">=5.0.2"
  peerDependenciesMeta:
    bufferutil:
      optional: true
    utf-8-validate:
      optional: true
  checksum: 10/4264ae92c0b3e59c7e309001e93079b26937aab181835fb7af79f906b22cd33b6196d96556dafb4e985742dd401e99139572242e9847661fdbc96556b9e6902d
  languageName: node
  linkType: hard
