# This file is generated by running "yarn install" inside your project.
# Manual changes might be lost - proceed with caution!

__metadata:
  version: 8
  cacheKey: 10

"@noble/curves@npm:^1.3.0":
  version: 1.4.0
  resolution: "@noble/curves@npm:1.4.0"
  dependencies:
    "@noble/hashes": "npm:1.4.0"
  checksum: 10/b21b30a36ff02bfcc0f5e6163d245cdbaf7f640511fff97ccf83fc207ee79cfd91584b4d97977374de04cb118a55eb63a7964c82596a64162bbc42bc685ae6d9
  languageName: node
  linkType: hard

"@noble/hashes@npm:1.4.0, @noble/hashes@npm:^1.3.1, @noble/hashes@npm:^1.3.3":
  version: 1.4.0
  resolution: "@noble/hashes@npm:1.4.0"
  checksum: 10/e156e65794c473794c52fa9d06baf1eb20903d0d96719530f523cc4450f6c721a957c544796e6efd0197b2296e7cd70efeb312f861465e17940a3e3c7e0febc6
  languageName: node
  linkType: hard

"@polkadot-api/json-rpc-provider-proxy@npm:^0.1.0":
  version: 0.1.0
  resolution: "@polkadot-api/json-rpc-provider-proxy@npm:0.1.0"
  checksum: 10/1a232337a4f6f32f3ec0350d5aaceaab21547ccee3cca63318d4b9238982efa5ff2406b033c320318c72d067b73508c0a1af21eb47acabaff714c1c21477bafa
  languageName: node
  linkType: hard

"@polkadot-api/json-rpc-provider@npm:0.0.1, @polkadot-api/json-rpc-provider@npm:^0.0.1":
  version: 0.0.1
  resolution: "@polkadot-api/json-rpc-provider@npm:0.0.1"
  checksum: 10/1f315bdadcba7def7145011132e6127b983c6f91f976be217ad7d555bb96a67f3a270fe4a46e427531822c5d54d353d84a6439d112a99cdfc07013d3b662ee3c
  languageName: node
  linkType: hard

"@polkadot-api/metadata-builders@npm:0.3.2":
  version: 0.3.2
  resolution: "@polkadot-api/metadata-builders@npm:0.3.2"
  dependencies:
    "@polkadot-api/substrate-bindings": "npm:0.6.0"
    "@polkadot-api/utils": "npm:0.1.0"
  checksum: 10/874b38e1fb92beea99b98b889143f25671f137e54113767aeabb79ff5cdf7d61cadb0121f08c7a9a40718b924d7c9a1dd700f81e7e287bc55923b0129e2a6160
  languageName: node
  linkType: hard

"@polkadot-api/observable-client@npm:^0.3.0":
  version: 0.3.2
  resolution: "@polkadot-api/observable-client@npm:0.3.2"
  dependencies:
    "@polkadot-api/metadata-builders": "npm:0.3.2"
    "@polkadot-api/substrate-bindings": "npm:0.6.0"
    "@polkadot-api/utils": "npm:0.1.0"
  peerDependencies:
    "@polkadot-api/substrate-client": 0.1.4
    rxjs: ">=7.8.0"
  checksum: 10/91b95a06e3ddd477c2489110d7cffdcfaf87a222054b437013c701dc43eac6a5d30438b1ac8fb130166ba039a67808e6199ccb3b2eaac7dcf8d2ef7a835f047b
  languageName: node
  linkType: hard

"@polkadot-api/substrate-bindings@npm:0.6.0":
  version: 0.6.0
  resolution: "@polkadot-api/substrate-bindings@npm:0.6.0"
  dependencies:
    "@noble/hashes": "npm:^1.3.1"
    "@polkadot-api/utils": "npm:0.1.0"
    "@scure/base": "npm:^1.1.1"
    scale-ts: "npm:^1.6.0"
  checksum: 10/01926a9083f608514a55c3d23563ebef139e2963d4adbebe7dcd99b65e1a08f1551fc0e147e787a31c749402767333c96eb1399f85a6c71654cfa1cc9d26e445
  languageName: node
  linkType: hard

"@polkadot-api/substrate-client@npm:^0.1.2":
  version: 0.1.4
  resolution: "@polkadot-api/substrate-client@npm:0.1.4"
  dependencies:
    "@polkadot-api/json-rpc-provider": "npm:0.0.1"
    "@polkadot-api/utils": "npm:0.1.0"
  checksum: 10/e7172696db404676d297cd5661b195de110593769f9ce37f32bdb5576ca00c56d32fcb04172a91102986fdda27a13962d909ad9466869a2991611d658ee6ac92
  languageName: node
  linkType: hard

"@polkadot-api/utils@npm:0.1.0":
  version: 0.1.0
  resolution: "@polkadot-api/utils@npm:0.1.0"
  checksum: 10/c557daea91ddb03e16b93c7c5a75533495c7b77cbbbdc2b4f5e97af0c1e1132a47e434c9c729a08241bd7b3624b6644ac0950f914aa8b29a0f419bf0fd224c7c
  languageName: node
  linkType: hard

"@polkadot/api-augment@npm:15.4.1":
  version: 15.4.1
  resolution: "@polkadot/api-augment@npm:15.4.1"
  dependencies:
    "@polkadot/api-base": "npm:15.4.1"
    "@polkadot/rpc-augment": "npm:15.4.1"
    "@polkadot/types": "npm:15.4.1"
    "@polkadot/types-augment": "npm:15.4.1"
    "@polkadot/types-codec": "npm:15.4.1"
    "@polkadot/util": "npm:^13.3.1"
    tslib: "npm:^2.8.1"
  checksum: 10/633872145601984b3ecbccb49698b08c43116ec692473288200b0bf10c5dad1f8dc7a49f2214d8baec808e639ce28b49d41bed23c47bc0b9839d7b4efa595224
  languageName: node
  linkType: hard

"@polkadot/api-base@npm:15.4.1":
  version: 15.4.1
  resolution: "@polkadot/api-base@npm:15.4.1"
  dependencies:
    "@polkadot/rpc-core": "npm:15.4.1"
    "@polkadot/types": "npm:15.4.1"
    "@polkadot/util": "npm:^13.3.1"
    rxjs: "npm:^7.8.1"
    tslib: "npm:^2.8.1"
  checksum: 10/c6c78af36544529ffc594dd38d8df90de4bafdd7f43db2d181d10b113d157b7ae3679dea77ae6697fce8964fa52d5a8ef1b6f91beff50a781c7071006be53556
  languageName: node
  linkType: hard

"@polkadot/api-derive@npm:15.4.1":
  version: 15.4.1
  resolution: "@polkadot/api-derive@npm:15.4.1"
  dependencies:
    "@polkadot/api": "npm:15.4.1"
    "@polkadot/api-augment": "npm:15.4.1"
    "@polkadot/api-base": "npm:15.4.1"
    "@polkadot/rpc-core": "npm:15.4.1"
    "@polkadot/types": "npm:15.4.1"
    "@polkadot/types-codec": "npm:15.4.1"
    "@polkadot/util": "npm:^13.3.1"
    "@polkadot/util-crypto": "npm:^13.3.1"
    rxjs: "npm:^7.8.1"
    tslib: "npm:^2.8.1"
  checksum: 10/5c461b9cd2f10d7b66990dec25ebe08e62dfe8ed234a2d92e178c28d9e90ed84bf605bbc96666538af2e5d0cd12aba8a8dce6d747d30c42652d684c085453866
  languageName: node
  linkType: hard

"@polkadot/api@npm:15.4.1, @polkadot/api@npm:^15.4.1":
  version: 15.4.1
  resolution: "@polkadot/api@npm:15.4.1"
  dependencies:
    "@polkadot/api-augment": "npm:15.4.1"
    "@polkadot/api-base": "npm:15.4.1"
    "@polkadot/api-derive": "npm:15.4.1"
    "@polkadot/keyring": "npm:^13.3.1"
    "@polkadot/rpc-augment": "npm:15.4.1"
    "@polkadot/rpc-core": "npm:15.4.1"
    "@polkadot/rpc-provider": "npm:15.4.1"
    "@polkadot/types": "npm:15.4.1"
    "@polkadot/types-augment": "npm:15.4.1"
    "@polkadot/types-codec": "npm:15.4.1"
    "@polkadot/types-create": "npm:15.4.1"
    "@polkadot/types-known": "npm:15.4.1"
    "@polkadot/util": "npm:^13.3.1"
    "@polkadot/util-crypto": "npm:^13.3.1"
    eventemitter3: "npm:^5.0.1"
    rxjs: "npm:^7.8.1"
    tslib: "npm:^2.8.1"
  checksum: 10/2bfe60eef98a0c3ce808eb221567d0819c8c117daec48a18d3e7d7b327afb7fab4ce0e84787930de97d13d2c42681e01b7915672bcb0770099dfa0183f16a9d5
  languageName: node
  linkType: hard

"@polkadot/keyring@npm:^13.3.1":
  version: 13.3.1
  resolution: "@polkadot/keyring@npm:13.3.1"
  dependencies:
    "@polkadot/util": "npm:13.3.1"
    "@polkadot/util-crypto": "npm:13.3.1"
    tslib: "npm:^2.8.0"
  peerDependencies:
    "@polkadot/util": 13.3.1
    "@polkadot/util-crypto": 13.3.1
  checksum: 10/9f2068f4804618c5a35075e187d75f7d020b95bbed835a26d99e8fa6c4653698e5b0af1745e99fa7437403f130e513db27012ffcb7d413818c6663ea225f02af
  languageName: node
  linkType: hard

"@polkadot/networks@npm:13.3.1, @polkadot/networks@npm:^13.3.1":
  version: 13.3.1
  resolution: "@polkadot/networks@npm:13.3.1"
  dependencies:
    "@polkadot/util": "npm:13.3.1"
    "@substrate/ss58-registry": "npm:^1.51.0"
    tslib: "npm:^2.8.0"
  checksum: 10/bdf806ba36d4989791c8a2b3cc49161dd9541f431c8a03a97da080a29db47ffa33dbf277b45105cb930f2a6fd3bd26c3be1404366816c35db341d013136ea0fb
  languageName: node
  linkType: hard

"@polkadot/rpc-augment@npm:15.4.1":
  version: 15.4.1
  resolution: "@polkadot/rpc-augment@npm:15.4.1"
  dependencies:
    "@polkadot/rpc-core": "npm:15.4.1"
    "@polkadot/types": "npm:15.4.1"
    "@polkadot/types-codec": "npm:15.4.1"
    "@polkadot/util": "npm:^13.3.1"
    tslib: "npm:^2.8.1"
  checksum: 10/bce245b284f998423a81fa8d483b426203a4400c3b1f6094315e8f52a90d0a4e04ccc976d38caa2b2b333602b6b34e73288eff21fb744a6004e74a7ce0d1bad6
  languageName: node
  linkType: hard

"@polkadot/rpc-core@npm:15.4.1":
  version: 15.4.1
  resolution: "@polkadot/rpc-core@npm:15.4.1"
  dependencies:
    "@polkadot/rpc-augment": "npm:15.4.1"
    "@polkadot/rpc-provider": "npm:15.4.1"
    "@polkadot/types": "npm:15.4.1"
    "@polkadot/util": "npm:^13.3.1"
    rxjs: "npm:^7.8.1"
    tslib: "npm:^2.8.1"
  checksum: 10/9b2da3e284f16cb526c3ef3d747cf312477343276ec02e78ef75b25d1c6f9edfc16a86ea1c337a3b4d31ec4ba3099f135a22b262ca3c6cc8a2cec1d5a6ee917f
  languageName: node
  linkType: hard

"@polkadot/rpc-provider@npm:15.4.1":
  version: 15.4.1
  resolution: "@polkadot/rpc-provider@npm:15.4.1"
  dependencies:
    "@polkadot/keyring": "npm:^13.3.1"
    "@polkadot/types": "npm:15.4.1"
    "@polkadot/types-support": "npm:15.4.1"
    "@polkadot/util": "npm:^13.3.1"
    "@polkadot/util-crypto": "npm:^13.3.1"
    "@polkadot/x-fetch": "npm:^13.3.1"
    "@polkadot/x-global": "npm:^13.3.1"
    "@polkadot/x-ws": "npm:^13.3.1"
    "@substrate/connect": "npm:0.8.11"
    eventemitter3: "npm:^5.0.1"
    mock-socket: "npm:^9.3.1"
    nock: "npm:^13.5.5"
    tslib: "npm:^2.8.1"
  dependenciesMeta:
    "@substrate/connect":
      optional: true
  checksum: 10/ca3ffaf99e0b1577e337c02cbebe14d85a31ba3a19833d1b78e283a0183cc27fd97df681f6fc97d51ead911710ff68793a628d7c5e8ce58056b716517b3f2128
  languageName: node
  linkType: hard

"@polkadot/types-augment@npm:15.4.1":
  version: 15.4.1
  resolution: "@polkadot/types-augment@npm:15.4.1"
  dependencies:
    "@polkadot/types": "npm:15.4.1"
    "@polkadot/types-codec": "npm:15.4.1"
    "@polkadot/util": "npm:^13.3.1"
    tslib: "npm:^2.8.1"
  checksum: 10/ace9135e1d8adfbc622607e625c2d9c5d5d5d629b73446665e2b55aed03ade29beb589ecb1186f867fd926263519e9507d67b61261077c06a27e005694a568a1
  languageName: node
  linkType: hard

"@polkadot/types-codec@npm:15.4.1":
  version: 15.4.1
  resolution: "@polkadot/types-codec@npm:15.4.1"
  dependencies:
    "@polkadot/util": "npm:^13.3.1"
    "@polkadot/x-bigint": "npm:^13.3.1"
    tslib: "npm:^2.8.1"
  checksum: 10/58dad3ecbe31ead612a0e32aee87ae0071c684604a60272186bb52f5bf5faafe7fd1db3eabcdd21e96c08c5e3e9c3cf571b08675aef40e834cb3a1c3a54c5b38
  languageName: node
  linkType: hard

"@polkadot/types-create@npm:15.4.1":
  version: 15.4.1
  resolution: "@polkadot/types-create@npm:15.4.1"
  dependencies:
    "@polkadot/types-codec": "npm:15.4.1"
    "@polkadot/util": "npm:^13.3.1"
    tslib: "npm:^2.8.1"
  checksum: 10/86899b67b60a5eb7058b2a3be3d8b71aedff763a3604d90010a8cbf253e7a83234692248fa07bb59b47b435d90209cbb1a76164506e917d198aa3854298a0b7b
  languageName: node
  linkType: hard

"@polkadot/types-known@npm:15.4.1":
  version: 15.4.1
  resolution: "@polkadot/types-known@npm:15.4.1"
  dependencies:
    "@polkadot/networks": "npm:^13.3.1"
    "@polkadot/types": "npm:15.4.1"
    "@polkadot/types-codec": "npm:15.4.1"
    "@polkadot/types-create": "npm:15.4.1"
    "@polkadot/util": "npm:^13.3.1"
    tslib: "npm:^2.8.1"
  checksum: 10/fb4e451eef322e9c594b1e1e019c521130bbf5bd6d6bb7d8be44a52c1aee44bb60151239798c7fadc1c6f7ca23afa34259031b050a16f6b112f8a03581926bd2
  languageName: node
  linkType: hard

"@polkadot/types-support@npm:15.4.1":
  version: 15.4.1
  resolution: "@polkadot/types-support@npm:15.4.1"
  dependencies:
    "@polkadot/util": "npm:^13.3.1"
    tslib: "npm:^2.8.1"
  checksum: 10/6a17a03527d1e0bbeeb6daeae36c68ad3542ac1603abb55cb29bd8e36bc95df3e70f1f9b8dbe97d424cca286d9fc301ca5c2da99fdf668cb3135c4d46388ee6b
  languageName: node
  linkType: hard

"@polkadot/types@npm:15.4.1":
  version: 15.4.1
  resolution: "@polkadot/types@npm:15.4.1"
  dependencies:
    "@polkadot/keyring": "npm:^13.3.1"
    "@polkadot/types-augment": "npm:15.4.1"
    "@polkadot/types-codec": "npm:15.4.1"
    "@polkadot/types-create": "npm:15.4.1"
    "@polkadot/util": "npm:^13.3.1"
    "@polkadot/util-crypto": "npm:^13.3.1"
    rxjs: "npm:^7.8.1"
    tslib: "npm:^2.8.1"
  checksum: 10/7b9665f35a3098036da4ba55c2cc32d1d6545224928a543c6271795504974ae0781772225c96e8510229d4115ce60c50d448feec71f3ca9992d62138c5a59017
  languageName: node
  linkType: hard

"@polkadot/util-crypto@npm:13.3.1, @polkadot/util-crypto@npm:^13.3.1":
  version: 13.3.1
  resolution: "@polkadot/util-crypto@npm:13.3.1"
  dependencies:
    "@noble/curves": "npm:^1.3.0"
    "@noble/hashes": "npm:^1.3.3"
    "@polkadot/networks": "npm:13.3.1"
    "@polkadot/util": "npm:13.3.1"
    "@polkadot/wasm-crypto": "npm:^7.4.1"
    "@polkadot/wasm-util": "npm:^7.4.1"
    "@polkadot/x-bigint": "npm:13.3.1"
    "@polkadot/x-randomvalues": "npm:13.3.1"
    "@scure/base": "npm:^1.1.7"
    tslib: "npm:^2.8.0"
  peerDependencies:
    "@polkadot/util": 13.3.1
  checksum: 10/f2991b6e5436b5fa382da107b50476068d931f071161834a82aeb633e8dda6c5662d2c846c2913866af6ff4b3c46cca06843c8bfa69bfb2f141f2c08abb6aca5
  languageName: node
  linkType: hard

"@polkadot/util@npm:13.3.1, @polkadot/util@npm:^13.3.1":
  version: 13.3.1
  resolution: "@polkadot/util@npm:13.3.1"
  dependencies:
    "@polkadot/x-bigint": "npm:13.3.1"
    "@polkadot/x-global": "npm:13.3.1"
    "@polkadot/x-textdecoder": "npm:13.3.1"
    "@polkadot/x-textencoder": "npm:13.3.1"
    "@types/bn.js": "npm:^5.1.6"
    bn.js: "npm:^5.2.1"
    tslib: "npm:^2.8.0"
  checksum: 10/ac42fecd3f3ae04e56196b86e78a34cf26df782e1cce44f0668007bafa07427b6a4eeef2afdb4d49fa418526a3aa5859c1bbb2b9050b0b4ecb376d0450b07499
  languageName: node
  linkType: hard

"@polkadot/wasm-bridge@npm:7.4.1":
  version: 7.4.1
  resolution: "@polkadot/wasm-bridge@npm:7.4.1"
  dependencies:
    "@polkadot/wasm-util": "npm:7.4.1"
    tslib: "npm:^2.7.0"
  peerDependencies:
    "@polkadot/util": "*"
    "@polkadot/x-randomvalues": "*"
  checksum: 10/b1d687ff433974cb34e54539b69209b569c4faf818e3cf376601d76acacc946bd56e5c06b18f0720dd1f63454f8e74f65bc37f259c7fca35d58623d27154b033
  languageName: node
  linkType: hard

"@polkadot/wasm-crypto-asmjs@npm:7.4.1":
  version: 7.4.1
  resolution: "@polkadot/wasm-crypto-asmjs@npm:7.4.1"
  dependencies:
    tslib: "npm:^2.7.0"
  peerDependencies:
    "@polkadot/util": "*"
  checksum: 10/68df2338bff14c0331d62871b66e31cea1005eac8f136c294074f7350d4c342bba17a7edd3cc9aecb2ae63dad4e927422e7be562c446bb2b7ff1a6af17bb8eee
  languageName: node
  linkType: hard

"@polkadot/wasm-crypto-init@npm:7.4.1":
  version: 7.4.1
  resolution: "@polkadot/wasm-crypto-init@npm:7.4.1"
  dependencies:
    "@polkadot/wasm-bridge": "npm:7.4.1"
    "@polkadot/wasm-crypto-asmjs": "npm:7.4.1"
    "@polkadot/wasm-crypto-wasm": "npm:7.4.1"
    "@polkadot/wasm-util": "npm:7.4.1"
    tslib: "npm:^2.7.0"
  peerDependencies:
    "@polkadot/util": "*"
    "@polkadot/x-randomvalues": "*"
  checksum: 10/d12c791214301419d94f5b374b443addc59c45e155f67b9503db4fe72866fa92e040ce8764f6dd8b4ce95005d4508a83efe832c6df4c946b7f14c18d28e8f0c1
  languageName: node
  linkType: hard

"@polkadot/wasm-crypto-wasm@npm:7.4.1":
  version: 7.4.1
  resolution: "@polkadot/wasm-crypto-wasm@npm:7.4.1"
  dependencies:
    "@polkadot/wasm-util": "npm:7.4.1"
    tslib: "npm:^2.7.0"
  peerDependencies:
    "@polkadot/util": "*"
  checksum: 10/22cd4e5d734bc08f6707d25cf43c9b75af335ee39284bf43dced0c72abd1300c7ebc3e956c3ce175db59655ed4fd1c37fc652c7851ee308de0bdf65331f7ba67
  languageName: node
  linkType: hard

"@polkadot/wasm-crypto@npm:^7.4.1":
  version: 7.4.1
  resolution: "@polkadot/wasm-crypto@npm:7.4.1"
  dependencies:
    "@polkadot/wasm-bridge": "npm:7.4.1"
    "@polkadot/wasm-crypto-asmjs": "npm:7.4.1"
    "@polkadot/wasm-crypto-init": "npm:7.4.1"
    "@polkadot/wasm-crypto-wasm": "npm:7.4.1"
    "@polkadot/wasm-util": "npm:7.4.1"
    tslib: "npm:^2.7.0"
  peerDependencies:
    "@polkadot/util": "*"
    "@polkadot/x-randomvalues": "*"
  checksum: 10/7fbb38c15217965066904dfa007dafc835ed828c0a33ef6621f772fdd50b634aa0862118713e5bf564dc17891f3e3a6f09a589b447ba4e39f2e9847a0f5383be
  languageName: node
  linkType: hard

"@polkadot/wasm-util@npm:7.4.1, @polkadot/wasm-util@npm:^7.4.1":
  version: 7.4.1
  resolution: "@polkadot/wasm-util@npm:7.4.1"
  dependencies:
    tslib: "npm:^2.7.0"
  peerDependencies:
    "@polkadot/util": "*"
  checksum: 10/08effda106378716954267cb268035a37d2c0a8c1db2e6f617ccd7b4f1e410342b4ff1c26db95b828aeb23e2b5512ca72f389055d717c54fda00e97fba89462a
  languageName: node
  linkType: hard

"@polkadot/x-bigint@npm:13.3.1, @polkadot/x-bigint@npm:^13.3.1":
  version: 13.3.1
  resolution: "@polkadot/x-bigint@npm:13.3.1"
  dependencies:
    "@polkadot/x-global": "npm:13.3.1"
    tslib: "npm:^2.8.0"
  checksum: 10/e0279eba940757a4de4ca046d9e2dec64913451516e78783d75724e4343bd86ee520d3f69972dda76395fa113524b40414f515688e01a31424a94a8d5909ca11
  languageName: node
  linkType: hard

"@polkadot/x-fetch@npm:^13.3.1":
  version: 13.3.1
  resolution: "@polkadot/x-fetch@npm:13.3.1"
  dependencies:
    "@polkadot/x-global": "npm:13.3.1"
    node-fetch: "npm:^3.3.2"
    tslib: "npm:^2.8.0"
  checksum: 10/b7f0dacfc3d2d8f4706de0081e8586f04d34a7cf12cce7f87d974eccb6512178ed2f1585ad0d91f5ee65ddb5c1ab4a631c2910cc271379b18ff1a0a287473f34
  languageName: node
  linkType: hard

"@polkadot/x-global@npm:13.3.1, @polkadot/x-global@npm:^13.3.1":
  version: 13.3.1
  resolution: "@polkadot/x-global@npm:13.3.1"
  dependencies:
    tslib: "npm:^2.8.0"
  checksum: 10/e8185a7529c3d3228c46c859d357e8fecb1d970aa52d4528a0c5eb8d0718d59038b7fa4e37c5239f6c017b1ade9bd9e41a0e005c963c24ab54967013c8356e5c
  languageName: node
  linkType: hard

"@polkadot/x-randomvalues@npm:13.3.1":
  version: 13.3.1
  resolution: "@polkadot/x-randomvalues@npm:13.3.1"
  dependencies:
    "@polkadot/x-global": "npm:13.3.1"
    tslib: "npm:^2.8.0"
  peerDependencies:
    "@polkadot/util": 13.3.1
    "@polkadot/wasm-util": "*"
  checksum: 10/c5b2a17790a2e72c3fdba50d23bafda4a5641866ff53b5bae56ee07aaff25353231be58277c5b312d891457fc80d0ded7130868304e9926f525b263ca1e463aa
  languageName: node
  linkType: hard

"@polkadot/x-textdecoder@npm:13.3.1":
  version: 13.3.1
  resolution: "@polkadot/x-textdecoder@npm:13.3.1"
  dependencies:
    "@polkadot/x-global": "npm:13.3.1"
    tslib: "npm:^2.8.0"
  checksum: 10/9ca9481be1c396ddf496f6dbfbff8030619b51dc6ac6b1e84c1be18fded7011d60317d108cbd3c433426cd6720d436b206e8161f562778be4f43b26a25892b39
  languageName: node
  linkType: hard

"@polkadot/x-textencoder@npm:13.3.1":
  version: 13.3.1
  resolution: "@polkadot/x-textencoder@npm:13.3.1"
  dependencies:
    "@polkadot/x-global": "npm:13.3.1"
    tslib: "npm:^2.8.0"
  checksum: 10/2de22bc4e17b58ddb9de351fc1e4665a39e8a1baed847d11f23a0d2318f0c3201bd3f2e7bcbd71a76c61e8982b224e0ec442290b7f6a6f077e8bcd579267b292
  languageName: node
  linkType: hard

"@polkadot/x-ws@npm:^13.3.1":
  version: 13.3.1
  resolution: "@polkadot/x-ws@npm:13.3.1"
  dependencies:
    "@polkadot/x-global": "npm:13.3.1"
    tslib: "npm:^2.8.0"
    ws: "npm:^8.18.0"
  checksum: 10/b1e54016b7625b4c8c9f82bd5db2007a21ead89254dc0023cbe28a371778f4c8e442e26cd457e6eb8cef4c031e6c8be91c16847ca45a1ae031277c27bb33d69d
  languageName: node
  linkType: hard

"@scure/base@npm:^1.1.1":
  version: 1.1.6
  resolution: "@scure/base@npm:1.1.6"
  checksum: 10/814fd1cce24f1e152751fabca2853d26aaa96ff8a9349c43d9aebc3b3d8ca88dd902966e1c289590a37f35d4c4436c6aedb1b386924b2909072045af4c3e9fe4
  languageName: node
  linkType: hard

"@scure/base@npm:^1.1.7":
  version: 1.2.4
  resolution: "@scure/base@npm:1.2.4"
  checksum: 10/4b61679209af40143b49ce7b7570e1d9157c19df311ea6f57cd212d764b0b82222dbe3707334f08bec181caf1f047aca31aa91193c678d6548312cb3f9c82ab1
  languageName: node
  linkType: hard

"@substrate/connect-extension-protocol@npm:^2.0.0":
  version: 2.0.0
  resolution: "@substrate/connect-extension-protocol@npm:2.0.0"
  checksum: 10/167538db3370c37abd60881e947f07788c52e42e1c46cd77a5e19eff64cb7784dff9abbbc4d2138a862a35c7262f151459e1631a8a36ee02fcff90ed5ec74c7b
  languageName: node
  linkType: hard

"@substrate/connect-known-chains@npm:^1.1.5":
  version: 1.9.1
  resolution: "@substrate/connect-known-chains@npm:1.9.1"
  checksum: 10/1a72fcc2f1fe85707e2507edc211166eb89f9485f90a7089d1f8b78ddc1d22aeeca054dd94c3b15819fb1d3dd45bfed23988bdbd4c5dc827d09e3c4c84dfe768
  languageName: node
  linkType: hard

"@substrate/connect@npm:0.8.11":
  version: 0.8.11
  resolution: "@substrate/connect@npm:0.8.11"
  dependencies:
    "@substrate/connect-extension-protocol": "npm:^2.0.0"
    "@substrate/connect-known-chains": "npm:^1.1.5"
    "@substrate/light-client-extension-helpers": "npm:^1.0.0"
    smoldot: "npm:2.0.26"
  checksum: 10/380ba85aa3aec4439fae2ee42173376615ca60262d9c37e6e43d1d65d0d0f63f38c009bb476e9a612b0b9985c1b5808c4d9a75aff9e1828c77e75c8b7584d824
  languageName: node
  linkType: hard

"@substrate/light-client-extension-helpers@npm:^1.0.0":
  version: 1.0.0
  resolution: "@substrate/light-client-extension-helpers@npm:1.0.0"
  dependencies:
    "@polkadot-api/json-rpc-provider": "npm:^0.0.1"
    "@polkadot-api/json-rpc-provider-proxy": "npm:^0.1.0"
    "@polkadot-api/observable-client": "npm:^0.3.0"
    "@polkadot-api/substrate-client": "npm:^0.1.2"
    "@substrate/connect-extension-protocol": "npm:^2.0.0"
    "@substrate/connect-known-chains": "npm:^1.1.5"
    rxjs: "npm:^7.8.1"
  peerDependencies:
    smoldot: 2.x
  checksum: 10/ca0726e8271aa9eb4f1edbb13e7f6986d45c9a4ae9a73a1a14aa9a41552821ca291a33459b7e8fc1ec1bde1ead9336a8bca4fb8781c060d5cbdd7e59ca96cb2d
  languageName: node
  linkType: hard

"@substrate/ss58-registry@npm:^1.51.0":
  version: 1.51.0
  resolution: "@substrate/ss58-registry@npm:1.51.0"
  checksum: 10/34eb21292f543a8be7c62ad3bcdae89d61c8a51e35a0be4687b6b4e955b5180a90a7691a9e6779f7509f8dfcfdfa372d8278087a9668521b9c501adb85c915b6
  languageName: node
  linkType: hard

"@types/bn.js@npm:^5.1.6":
  version: 5.1.6
  resolution: "@types/bn.js@npm:5.1.6"
  dependencies:
    "@types/node": "npm:*"
  checksum: 10/db565b5a2af59b09459d74441153bf23a0e80f1fb2d070330786054e7ce1a7285dc40afcd8f289426c61a83166bdd70814f70e2d439744686aac5d3ea75daf13
  languageName: node
  linkType: hard

"@types/node@npm:*":
  version: 20.12.7
  resolution: "@types/node@npm:20.12.7"
  dependencies:
    undici-types: "npm:~5.26.4"
  checksum: 10/b4a28a3b593a9bdca5650880b6a9acef46911d58cf7cfa57268f048e9a7157a7c3196421b96cea576850ddb732e3b54bc982c8eb5e1e5ef0635d4424c2fce801
  languageName: node
  linkType: hard

"bn.js@npm:^5.2.1":
  version: 5.2.1
  resolution: "bn.js@npm:5.2.1"
  checksum: 10/7a7e8764d7a6e9708b8b9841b2b3d6019cc154d2fc23716d0efecfe1e16921b7533c6f7361fb05471eab47986c4aa310c270f88e3507172104632ac8df2cfd84
  languageName: node
  linkType: hard

"coretime-renewal-bot@workspace:.":
  version: 0.0.0-use.local
  resolution: "coretime-renewal-bot@workspace:."
  dependencies:
    "@polkadot/api": "npm:^15.4.1"
    "@polkadot/keyring": "npm:^13.3.1"
    "@polkadot/util-crypto": "npm:^13.3.1"
  languageName: unknown
  linkType: soft

"data-uri-to-buffer@npm:^4.0.0":
  version: 4.0.1
  resolution: "data-uri-to-buffer@npm:4.0.1"
  checksum: 10/0d0790b67ffec5302f204c2ccca4494f70b4e2d940fea3d36b09f0bb2b8539c2e86690429eb1f1dc4bcc9e4df0644193073e63d9ee48ac9fce79ec1506e4aa4c
  languageName: node
  linkType: hard

"debug@npm:^4.1.0":
  version: 4.3.4
  resolution: "debug@npm:4.3.4"
  dependencies:
    ms: "npm:2.1.2"
  peerDependenciesMeta:
    supports-color:
      optional: true
  checksum: 10/0073c3bcbd9cb7d71dd5f6b55be8701af42df3e56e911186dfa46fac3a5b9eb7ce7f377dd1d3be6db8977221f8eb333d945216f645cf56f6b688cd484837d255
  languageName: node
  linkType: hard

"eventemitter3@npm:^5.0.1":
  version: 5.0.1
  resolution: "eventemitter3@npm:5.0.1"
  checksum: 10/ac6423ec31124629c84c7077eed1e6987f6d66c31cf43c6fcbf6c87791d56317ce808d9ead483652436df171b526fc7220eccdc9f3225df334e81582c3cf7dd5
  languageName: node
  linkType: hard

"fetch-blob@npm:^3.1.2, fetch-blob@npm:^3.1.4":
  version: 3.2.0
  resolution: "fetch-blob@npm:3.2.0"
  dependencies:
    node-domexception: "npm:^1.0.0"
    web-streams-polyfill: "npm:^3.0.3"
  checksum: 10/5264ecceb5fdc19eb51d1d0359921f12730941e333019e673e71eb73921146dceabcb0b8f534582be4497312d656508a439ad0f5edeec2b29ab2e10c72a1f86b
  languageName: node
  linkType: hard

"formdata-polyfill@npm:^4.0.10":
  version: 4.0.10
  resolution: "formdata-polyfill@npm:4.0.10"
  dependencies:
    fetch-blob: "npm:^3.1.2"
  checksum: 10/9b5001d2edef3c9449ac3f48bd4f8cc92e7d0f2e7c1a5c8ba555ad4e77535cc5cf621fabe49e97f304067037282dd9093b9160a3cb533e46420b446c4e6bc06f
  languageName: node
  linkType: hard

"json-stringify-safe@npm:^5.0.1":
  version: 5.0.1
  resolution: "json-stringify-safe@npm:5.0.1"
  checksum: 10/59169a081e4eeb6f9559ae1f938f656191c000e0512aa6df9f3c8b2437a4ab1823819c6b9fd1818a4e39593ccfd72e9a051fdd3e2d1e340ed913679e888ded8c
  languageName: node
  linkType: hard

"mock-socket@npm:^9.3.1":
  version: 9.3.1
  resolution: "mock-socket@npm:9.3.1"
  checksum: 10/c5c07568f2859db6926d79cb61580c07e67958b5cd6b52d1270fdfa17ae066d7f74a18a4208fc4386092eea4e1ee001aa23f015c88a1774265994e4fae34d18e
  languageName: node
  linkType: hard

"ms@npm:2.1.2":
  version: 2.1.2
  resolution: "ms@npm:2.1.2"
  checksum: 10/673cdb2c3133eb050c745908d8ce632ed2c02d85640e2edb3ace856a2266a813b30c613569bf3354fdf4ea7d1a1494add3bfa95e2713baa27d0c2c71fc44f58f
  languageName: node
  linkType: hard

"nock@npm:^13.5.5":
  version: 13.5.6
  resolution: "nock@npm:13.5.6"
  dependencies:
    debug: "npm:^4.1.0"
    json-stringify-safe: "npm:^5.0.1"
    propagate: "npm:^2.0.0"
  checksum: 10/a57c265b75e5f7767e2f8baf058773cdbf357c31c5fea2761386ec03a008a657f9df921899fe2a9502773b47145b708863b32345aef529b3c45cba4019120f88
  languageName: node
  linkType: hard

"node-domexception@npm:^1.0.0":
  version: 1.0.0
  resolution: "node-domexception@npm:1.0.0"
  checksum: 10/e332522f242348c511640c25a6fc7da4f30e09e580c70c6b13cb0be83c78c3e71c8d4665af2527e869fc96848924a4316ae7ec9014c091e2156f41739d4fa233
  languageName: node
  linkType: hard

"node-fetch@npm:^3.3.2":
  version: 3.3.2
  resolution: "node-fetch@npm:3.3.2"
  dependencies:
    data-uri-to-buffer: "npm:^4.0.0"
    fetch-blob: "npm:^3.1.4"
    formdata-polyfill: "npm:^4.0.10"
  checksum: 10/24207ca8c81231c7c59151840e3fded461d67a31cf3e3b3968e12201a42f89ce4a0b5fb7079b1fa0a4655957b1ca9257553200f03a9f668b45ebad265ca5593d
  languageName: node
  linkType: hard

"propagate@npm:^2.0.0":
  version: 2.0.1
  resolution: "propagate@npm:2.0.1"
  checksum: 10/8c761c16e8232f82f6d015d3e01e8bd4109f47ad804f904d950f6fe319813b448ca112246b6bfdc182b400424b155b0b7c4525a9bb009e6fa950200157569c14
  languageName: node
  linkType: hard

"rxjs@npm:^7.8.1":
  version: 7.8.1
  resolution: "rxjs@npm:7.8.1"
  dependencies:
    tslib: "npm:^2.1.0"
  checksum: 10/b10cac1a5258f885e9dd1b70d23c34daeb21b61222ee735d2ec40a8685bdca40429000703a44f0e638c27a684ac139e1c37e835d2a0dc16f6fc061a138ae3abb
  languageName: node
  linkType: hard

"scale-ts@npm:^1.6.0":
  version: 1.6.0
  resolution: "scale-ts@npm:1.6.0"
  checksum: 10/63d966d48196ede40148f50c182f9d8397600e18ca005b994d3bd85f3e1931ae3fe7ec5d7b0cc072df557450e05676fd5acaa8b196963100a74251ca2e9d089f
  languageName: node
  linkType: hard

"smoldot@npm:2.0.26":
  version: 2.0.26
  resolution: "smoldot@npm:2.0.26"
  dependencies:
    ws: "npm:^8.8.1"
  checksum: 10/b975c8ef16e2286b2eddc8c19c18080bd528f27e9abc0e2731304823e67ebe1fc71b01bed2c070d00da1f7e2f69e25c159c976d27eb1796de4a978362dae701e
  languageName: node
  linkType: hard

"tslib@npm:^2.1.0":
  version: 2.6.2
  resolution: "tslib@npm:2.6.2"
  checksum: 10/bd26c22d36736513980091a1e356378e8b662ded04204453d353a7f34a4c21ed0afc59b5f90719d4ba756e581a162ecbf93118dc9c6be5acf70aa309188166ca
  languageName: node
  linkType: hard

"tslib@npm:^2.7.0, tslib@npm:^2.8.0, tslib@npm:^2.8.1":
  version: 2.8.1
  resolution: "tslib@npm:2.8.1"
  checksum: 10/3e2e043d5c2316461cb54e5c7fe02c30ef6dccb3384717ca22ae5c6b5bc95232a6241df19c622d9c73b809bea33b187f6dbc73030963e29950c2141bc32a79f7
  languageName: node
  linkType: hard

"undici-types@npm:~5.26.4":
  version: 5.26.5
  resolution: "undici-types@npm:5.26.5"
  checksum: 10/0097779d94bc0fd26f0418b3a05472410408877279141ded2bd449167be1aed7ea5b76f756562cb3586a07f251b90799bab22d9019ceba49c037c76445f7cddd
  languageName: node
  linkType: hard

"web-streams-polyfill@npm:^3.0.3":
  version: 3.3.3
  resolution: "web-streams-polyfill@npm:3.3.3"
  checksum: 10/8e7e13501b3834094a50abe7c0b6456155a55d7571312b89570012ef47ec2a46d766934768c50aabad10a9c30dd764a407623e8bfcc74fcb58495c29130edea9
  languageName: node
  linkType: hard

"ws@npm:^8.18.0":
  version: 8.18.0
  resolution: "ws@npm:8.18.0"
  peerDependencies:
    bufferutil: ^4.0.1
    utf-8-validate: ">=5.0.2"
  peerDependenciesMeta:
    bufferutil:
      optional: true
    utf-8-validate:
      optional: true
  checksum: 10/70dfe53f23ff4368d46e4c0b1d4ca734db2c4149c6f68bc62cb16fc21f753c47b35fcc6e582f3bdfba0eaeb1c488cddab3c2255755a5c3eecb251431e42b3ff6
  languageName: node
  linkType: hard

"ws@npm:^8.8.1":
  version: 8.17.1
  resolution: "ws@npm:8.17.1"
  peerDependencies:
    bufferutil: ^4.0.1
    utf-8-validate: ">=5.0.2"
  peerDependenciesMeta:
    bufferutil:
      optional: true
    utf-8-validate:
      optional: true
  checksum: 10/4264ae92c0b3e59c7e309001e93079b26937aab181835fb7af79f906b22cd33b6196d96556dafb4e985742dd401e99139572242e9847661fdbc96556b9e6902d
  languageName: node
  linkType: hard
